
Microsoft Visual Studio Solution File, Format Version 12.00
# Visual Studio 15
VisualStudioVersion = 15.0.28307.136
MinimumVisualStudioVersion = 10.0.40219.1
Project("{FAE04EC0-301F-11D3-BF4B-00C04F79EFBC}") = "Tests", "Tests\Tests.csproj", "{B271882C-B371-4661-8131-1FD6BD96F6BA}"
EndProject
Project("{FAE04EC0-301F-11D3-BF4B-00C04F79EFBC}") = "Logic", "Logic\Logic.csproj", "{3BD0ED5D-6D78-48B9-9490-26D951ECB38D}"
EndProject
Project("{FAE04EC0-301F-11D3-BF4B-00C04F79EFBC}") = "LogicInterfaces", "LogicInterfaces\LogicInterfaces.csproj", "{D7142CB6-C4E6-4A9F-9751-98419BB338BD}"
EndProject
Project("{FAE04EC0-301F-11D3-BF4B-00C04F79EFBC}") = "Models", "Models\Models.csproj", "{71991746-47E7-4C94-87EE-BDD118F17120}"
EndProject
Project("{FAE04EC0-301F-11D3-BF4B-00C04F79EFBC}") = "PhotoAlbumConsoleApp", "PhotoAlbumConsoleApp\PhotoAlbumConsoleApp.csproj", "{50A6C56C-4D2E-4FF8-A323-2E5F35B6FC16}"
EndProject
Global
	GlobalSection(SolutionConfigurationPlatforms) = preSolution
		Debug|Any CPU = Debug|Any CPU
		Release|Any CPU = Release|Any CPU
	EndGlobalSection
	GlobalSection(ProjectConfigurationPlatforms) = postSolution
		{B271882C-B371-4661-8131-1FD6BD96F6BA}.Debug|Any CPU.ActiveCfg = Debug|Any CPU
		{B271882C-B371-4661-8131-1FD6BD96F6BA}.Debug|Any CPU.Build.0 = Debug|Any CPU
		{B271882C-B371-4661-8131-1FD6BD96F6BA}.Release|Any CPU.ActiveCfg = Release|Any CPU
		{B271882C-B371-4661-8131-1FD6BD96F6BA}.Release|Any CPU.Build.0 = Release|Any CPU
		{3BD0ED5D-6D78-48B9-9490-26D951ECB38D}.Debug|Any CPU.ActiveCfg = Debug|Any CPU
		{3BD0ED5D-6D78-48B9-9490-26D951ECB38D}.Debug|Any CPU.Build.0 = Debug|Any CPU
		{3BD0ED5D-6D78-48B9-9490-26D951ECB38D}.Release|Any CPU.ActiveCfg = Release|Any CPU
		{3BD0ED5D-6D78-48B9-9490-26D951ECB38D}.Release|Any CPU.Build.0 = Release|Any CPU
		{D7142CB6-C4E6-4A9F-9751-98419BB338BD}.Debug|Any CPU.ActiveCfg = Debug|Any CPU
		{D7142CB6-C4E6-4A9F-9751-98419BB338BD}.Debug|Any CPU.Build.0 = Debug|Any CPU
		{D7142CB6-C4E6-4A9F-9751-98419BB338BD}.Release|Any CPU.ActiveCfg = Release|Any CPU
		{D7142CB6-C4E6-4A9F-9751-98419BB338BD}.Release|Any CPU.Build.0 = Release|Any CPU
		{71991746-47E7-4C94-87EE-BDD118F17120}.Debug|Any CPU.ActiveCfg = Debug|Any CPU
		{71991746-47E7-4C94-87EE-BDD118F17120}.Debug|Any CPU.Build.0 = Debug|Any CPU
		{71991746-47E7-4C94-87EE-BDD118F17120}.Release|Any CPU.ActiveCfg = Release|Any CPU
		{71991746-47E7-4C94-87EE-BDD118F17120}.Release|Any CPU.Build.0 = Release|Any CPU
		{50A6C56C-4D2E-4FF8-A323-2E5F35B6FC16}.Debug|Any CPU.ActiveCfg = Debug|Any CPU
		{50A6C56C-4D2E-4FF8-A323-2E5F35B6FC16}.Debug|Any CPU.Build.0 = Debug|Any CPU
		{50A6C56C-4D2E-4FF8-A323-2E5F35B6FC16}.Release|Any CPU.ActiveCfg = Release|Any CPU
		{50A6C56C-4D2E-4FF8-A323-2E5F35B6FC16}.Release|Any CPU.Build.0 = Release|Any CPU
	EndGlobalSection
	GlobalSection(SolutionProperties) = preSolution
		HideSolutionNode = FALSE
	EndGlobalSection
	GlobalSection(ExtensibilityGlobals) = postSolution
		SolutionGuid = {22F60E3E-D61C-4E4B-89F8-C79E81863CBA}
	EndGlobalSection
EndGlobal
